
Microsoft Visual Studio Solution File, Format Version 12.00
# Visual Studio Version 16
VisualStudioVersion = 16.0.30104.148
MinimumVisualStudioVersion = 10.0.40219.1
Project("{9A19103F-16F7-4668-BE54-9A1E7A4F7556}") = "ThreadManagerEngine", "ThreadManager\ThreadManagerEngine.csproj", "{212A2625-F561-46A2-B317-A2E4D943221C}"
EndProject
Project("{FAE04EC0-301F-11D3-BF4B-00C04F79EFBC}") = "Tests", "C:\Users\kokar\Desktop\ВРЕМЕННАЯ МУСОРКА\accounts\Tests\Tests.csproj", "{DF3E6B96-1EF8-41C2-8E94-D3A65490392D}"
EndProject
Global
	GlobalSection(SolutionConfigurationPlatforms) = preSolution
		Debug|Any CPU = Debug|Any CPU
		Release|Any CPU = Release|Any CPU
	EndGlobalSection
	GlobalSection(ProjectConfigurationPlatforms) = postSolution
		{212A2625-F561-46A2-B317-A2E4D943221C}.Debug|Any CPU.ActiveCfg = Debug|Any CPU
		{212A2625-F561-46A2-B317-A2E4D943221C}.Debug|Any CPU.Build.0 = Debug|Any CPU
		{212A2625-F561-46A2-B317-A2E4D943221C}.Release|Any CPU.ActiveCfg = Release|Any CPU
		{212A2625-F561-46A2-B317-A2E4D943221C}.Release|Any CPU.Build.0 = Release|Any CPU
		{DF3E6B96-1EF8-41C2-8E94-D3A65490392D}.Debug|Any CPU.ActiveCfg = Debug|Any CPU
		{DF3E6B96-1EF8-41C2-8E94-D3A65490392D}.Debug|Any CPU.Build.0 = Debug|Any CPU
		{DF3E6B96-1EF8-41C2-8E94-D3A65490392D}.Release|Any CPU.ActiveCfg = Release|Any CPU
		{DF3E6B96-1EF8-41C2-8E94-D3A65490392D}.Release|Any CPU.Build.0 = Release|Any CPU
	EndGlobalSection
	GlobalSection(SolutionProperties) = preSolution
		HideSolutionNode = FALSE
	EndGlobalSection
	GlobalSection(ExtensibilityGlobals) = postSolution
		SolutionGuid = {2D7015DF-062E-407C-AACE-4E62369548D4}
	EndGlobalSection
EndGlobal
